// !$*UTF8*$!
{
	archiveVersion = 1;
	classes = {
	};
	objectVersion = 46;
	objects = {

/* Begin PBXBuildFile section */
		6E2DA3651AC5D7FD0072E988 /* AppDelegate.swift in Sources */ = {isa = PBXBuildFile; fileRef = 6E2DA3641AC5D7FD0072E988 /* AppDelegate.swift */; };
		6E2DA3671AC5D7FD0072E988 /* ViewController.swift in Sources */ = {isa = PBXBuildFile; fileRef = 6E2DA3661AC5D7FD0072E988 /* ViewController.swift */; };
		6E2DA3691AC5D7FD0072E988 /* Document.swift in Sources */ = {isa = PBXBuildFile; fileRef = 6E2DA3681AC5D7FD0072E988 /* Document.swift */; };
		6E2DA36B1AC5D7FD0072E988 /* Images.xcassets in Resources */ = {isa = PBXBuildFile; fileRef = 6E2DA36A1AC5D7FD0072E988 /* Images.xcassets */; };
		6E2DA36E1AC5D7FD0072E988 /* Main.storyboard in Resources */ = {isa = PBXBuildFile; fileRef = 6E2DA36C1AC5D7FD0072E988 /* Main.storyboard */; };
		6E2DA37A1AC5D7FD0072E988 /* Model_EditorTests.swift in Sources */ = {isa = PBXBuildFile; fileRef = 6E2DA3791AC5D7FD0072E988 /* Model_EditorTests.swift */; };
/* End PBXBuildFile section */

/* Begin PBXContainerItemProxy section */
		6E2DA3741AC5D7FD0072E988 /* PBXContainerItemProxy */ = {
			isa = PBXContainerItemProxy;
			containerPortal = 6E2DA3571AC5D7FD0072E988 /* Project object */;
			proxyType = 1;
			remoteGlobalIDString = 6E2DA35E1AC5D7FD0072E988;
			remoteInfo = "Model Editor";
		};
/* End PBXContainerItemProxy section */

/* Begin PBXFileReference section */
		6E2DA35F1AC5D7FD0072E988 /* Model Editor.app */ = {isa = PBXFileReference; explicitFileType = wrapper.application; includeInIndex = 0; path = "Model Editor.app"; sourceTree = BUILT_PRODUCTS_DIR; };
		6E2DA3631AC5D7FD0072E988 /* Info.plist */ = {isa = PBXFileReference; lastKnownFileType = text.plist.xml; path = Info.plist; sourceTree = "<group>"; };
		6E2DA3641AC5D7FD0072E988 /* AppDelegate.swift */ = {isa = PBXFileReference; lastKnownFileType = sourcecode.swift; path = AppDelegate.swift; sourceTree = "<group>"; };
		6E2DA3661AC5D7FD0072E988 /* ViewController.swift */ = {isa = PBXFileReference; lastKnownFileType = sourcecode.swift; path = ViewController.swift; sourceTree = "<group>"; };
		6E2DA3681AC5D7FD0072E988 /* Document.swift */ = {isa = PBXFileReference; lastKnownFileType = sourcecode.swift; path = Document.swift; sourceTree = "<group>"; };
		6E2DA36A1AC5D7FD0072E988 /* Images.xcassets */ = {isa = PBXFileReference; lastKnownFileType = folder.assetcatalog; path = Images.xcassets; sourceTree = "<group>"; };
		6E2DA36D1AC5D7FD0072E988 /* Base */ = {isa = PBXFileReference; lastKnownFileType = file.storyboard; name = Base; path = Base.lproj/Main.storyboard; sourceTree = "<group>"; };
		6E2DA3731AC5D7FD0072E988 /* Model EditorTests.xctest */ = {isa = PBXFileReference; explicitFileType = wrapper.cfbundle; includeInIndex = 0; path = "Model EditorTests.xctest"; sourceTree = BUILT_PRODUCTS_DIR; };
		6E2DA3781AC5D7FD0072E988 /* Info.plist */ = {isa = PBXFileReference; lastKnownFileType = text.plist.xml; path = Info.plist; sourceTree = "<group>"; };
		6E2DA3791AC5D7FD0072E988 /* Model_EditorTests.swift */ = {isa = PBXFileReference; lastKnownFileType = sourcecode.swift; path = Model_EditorTests.swift; sourceTree = "<group>"; };
/* End PBXFileReference section */

/* Begin PBXFrameworksBuildPhase section */
		6E2DA35C1AC5D7FD0072E988 /* Frameworks */ = {
			isa = PBXFrameworksBuildPhase;
			buildActionMask = 2147483647;
			files = (
			);
			runOnlyForDeploymentPostprocessing = 0;
		};
		6E2DA3701AC5D7FD0072E988 /* Frameworks */ = {
			isa = PBXFrameworksBuildPhase;
			buildActionMask = 2147483647;
			files = (
			);
			runOnlyForDeploymentPostprocessing = 0;
		};
/* End PBXFrameworksBuildPhase section */

/* Begin PBXGroup section */
		6E2DA3561AC5D7FD0072E988 = {
			isa = PBXGroup;
			children = (
				6E2DA3611AC5D7FD0072E988 /* Model Editor */,
				6E2DA3761AC5D7FD0072E988 /* Model EditorTests */,
				6E2DA3601AC5D7FD0072E988 /* Products */,
			);
			sourceTree = "<group>";
		};
		6E2DA3601AC5D7FD0072E988 /* Products */ = {
			isa = PBXGroup;
			children = (
				6E2DA35F1AC5D7FD0072E988 /* Model Editor.app */,
				6E2DA3731AC5D7FD0072E988 /* Model EditorTests.xctest */,
			);
			name = Products;
			sourceTree = "<group>";
		};
		6E2DA3611AC5D7FD0072E988 /* Model Editor */ = {
			isa = PBXGroup;
			children = (
				6E2DA3641AC5D7FD0072E988 /* AppDelegate.swift */,
				6E2DA3661AC5D7FD0072E988 /* ViewController.swift */,
				6E2DA3681AC5D7FD0072E988 /* Document.swift */,
				6E2DA36A1AC5D7FD0072E988 /* Images.xcassets */,
				6E2DA36C1AC5D7FD0072E988 /* Main.storyboard */,
				6E2DA3621AC5D7FD0072E988 /* Supporting Files */,
			);
			path = "Model Editor";
			sourceTree = "<group>";
		};
		6E2DA3621AC5D7FD0072E988 /* Supporting Files */ = {
			isa = PBXGroup;
			children = (
				6E2DA3631AC5D7FD0072E988 /* Info.plist */,
			);
			name = "Supporting Files";
			sourceTree = "<group>";
		};
		6E2DA3761AC5D7FD0072E988 /* Model EditorTests */ = {
			isa = PBXGroup;
			children = (
				6E2DA3791AC5D7FD0072E988 /* Model_EditorTests.swift */,
				6E2DA3771AC5D7FD0072E988 /* Supporting Files */,
			);
			path = "Model EditorTests";
			sourceTree = "<group>";
		};
		6E2DA3771AC5D7FD0072E988 /* Supporting Files */ = {
			isa = PBXGroup;
			children = (
				6E2DA3781AC5D7FD0072E988 /* Info.plist */,
			);
			name = "Supporting Files";
			sourceTree = "<group>";
		};
/* End PBXGroup section */

/* Begin PBXNativeTarget section */
		6E2DA35E1AC5D7FD0072E988 /* Model Editor */ = {
			isa = PBXNativeTarget;
			buildConfigurationList = 6E2DA37D1AC5D7FE0072E988 /* Build configuration list for PBXNativeTarget "Model Editor" */;
			buildPhases = (
				6E2DA35B1AC5D7FD0072E988 /* Sources */,
				6E2DA35C1AC5D7FD0072E988 /* Frameworks */,
				6E2DA35D1AC5D7FD0072E988 /* Resources */,
			);
			buildRules = (
			);
			dependencies = (
			);
			name = "Model Editor";
			productName = "Model Editor";
			productReference = 6E2DA35F1AC5D7FD0072E988 /* Model Editor.app */;
			productType = "com.apple.product-type.application";
		};
		6E2DA3721AC5D7FD0072E988 /* Model EditorTests */ = {
			isa = PBXNativeTarget;
			buildConfigurationList = 6E2DA3801AC5D7FE0072E988 /* Build configuration list for PBXNativeTarget "Model EditorTests" */;
			buildPhases = (
				6E2DA36F1AC5D7FD0072E988 /* Sources */,
				6E2DA3701AC5D7FD0072E988 /* Frameworks */,
				6E2DA3711AC5D7FD0072E988 /* Resources */,
			);
			buildRules = (
			);
			dependencies = (
				6E2DA3751AC5D7FD0072E988 /* PBXTargetDependency */,
			);
			name = "Model EditorTests";
			productName = "Model EditorTests";
			productReference = 6E2DA3731AC5D7FD0072E988 /* Model EditorTests.xctest */;
			productType = "com.apple.product-type.bundle.unit-test";
		};
/* End PBXNativeTarget section */

/* Begin PBXProject section */
		6E2DA3571AC5D7FD0072E988 /* Project object */ = {
			isa = PBXProject;
			attributes = {
				LastUpgradeCheck = 0620;
				ORGANIZATIONNAME = ColemanCDA;
				TargetAttributes = {
					6E2DA35E1AC5D7FD0072E988 = {
						CreatedOnToolsVersion = 6.2;
					};
					6E2DA3721AC5D7FD0072E988 = {
						CreatedOnToolsVersion = 6.2;
						TestTargetID = 6E2DA35E1AC5D7FD0072E988;
					};
				};
			};
			buildConfigurationList = 6E2DA35A1AC5D7FD0072E988 /* Build configuration list for PBXProject "Model Editor" */;
			compatibilityVersion = "Xcode 3.2";
			developmentRegion = English;
			hasScannedForEncodings = 0;
			knownRegions = (
				en,
				Base,
			);
			mainGroup = 6E2DA3561AC5D7FD0072E988;
			productRefGroup = 6E2DA3601AC5D7FD0072E988 /* Products */;
			projectDirPath = "";
			projectRoot = "";
			targets = (
				6E2DA35E1AC5D7FD0072E988 /* Model Editor */,
				6E2DA3721AC5D7FD0072E988 /* Model EditorTests */,
			);
		};
/* End PBXProject section */

/* Begin PBXResourcesBuildPhase section */
		6E2DA35D1AC5D7FD0072E988 /* Resources */ = {
			isa = PBXResourcesBuildPhase;
			buildActionMask = 2147483647;
			files = (
				6E2DA36B1AC5D7FD0072E988 /* Images.xcassets in Resources */,
				6E2DA36E1AC5D7FD0072E988 /* Main.storyboard in Resources */,
			);
			runOnlyForDeploymentPostprocessing = 0;
		};
		6E2DA3711AC5D7FD0072E988 /* Resources */ = {
			isa = PBXResourcesBuildPhase;
			buildActionMask = 2147483647;
			files = (
			);
			runOnlyForDeploymentPostprocessing = 0;
		};
/* End PBXResourcesBuildPhase section */

/* Begin PBXSourcesBuildPhase section */
		6E2DA35B1AC5D7FD0072E988 /* Sources */ = {
			isa = PBXSourcesBuildPhase;
			buildActionMask = 2147483647;
			files = (
				6E2DA3671AC5D7FD0072E988 /* ViewController.swift in Sources */,
				6E2DA3651AC5D7FD0072E988 /* AppDelegate.swift in Sources */,
				6E2DA3691AC5D7FD0072E988 /* Document.swift in Sources */,
			);
			runOnlyForDeploymentPostprocessing = 0;
		};
		6E2DA36F1AC5D7FD0072E988 /* Sources */ = {
			isa = PBXSourcesBuildPhase;
			buildActionMask = 2147483647;
			files = (
				6E2DA37A1AC5D7FD0072E988 /* Model_EditorTests.swift in Sources */,
			);
			runOnlyForDeploymentPostprocessing = 0;
		};
/* End PBXSourcesBuildPhase section */

/* Begin PBXTargetDependency section */
		6E2DA3751AC5D7FD0072E988 /* PBXTargetDependency */ = {
			isa = PBXTargetDependency;
			target = 6E2DA35E1AC5D7FD0072E988 /* Model Editor */;
			targetProxy = 6E2DA3741AC5D7FD0072E988 /* PBXContainerItemProxy */;
		};
/* End PBXTargetDependency section */

/* Begin PBXVariantGroup section */
		6E2DA36C1AC5D7FD0072E988 /* Main.storyboard */ = {
			isa = PBXVariantGroup;
			children = (
				6E2DA36D1AC5D7FD0072E988 /* Base */,
			);
			name = Main.storyboard;
			sourceTree = "<group>";
		};
/* End PBXVariantGroup section */

/* Begin XCBuildConfiguration section */
		6E2DA37B1AC5D7FE0072E988 /* Debug */ = {
			isa = XCBuildConfiguration;
			buildSettings = {
				ALWAYS_SEARCH_USER_PATHS = NO;
				CLANG_CXX_LANGUAGE_STANDARD = "gnu++0x";
				CLANG_CXX_LIBRARY = "libc++";
				CLANG_ENABLE_MODULES = YES;
				CLANG_ENABLE_OBJC_ARC = YES;
				CLANG_WARN_BOOL_CONVERSION = YES;
				CLANG_WARN_CONSTANT_CONVERSION = YES;
				CLANG_WARN_DIRECT_OBJC_ISA_USAGE = YES_ERROR;
				CLANG_WARN_EMPTY_BODY = YES;
				CLANG_WARN_ENUM_CONVERSION = YES;
				CLANG_WARN_INT_CONVERSION = YES;
				CLANG_WARN_OBJC_ROOT_CLASS = YES_ERROR;
				CLANG_WARN_UNREACHABLE_CODE = YES;
				CLANG_WARN__DUPLICATE_METHOD_MATCH = YES;
				CODE_SIGN_IDENTITY = "-";
				COPY_PHASE_STRIP = NO;
				ENABLE_STRICT_OBJC_MSGSEND = YES;
				GCC_C_LANGUAGE_STANDARD = gnu99;
				GCC_DYNAMIC_NO_PIC = NO;
				GCC_OPTIMIZATION_LEVEL = 0;
				GCC_PREPROCESSOR_DEFINITIONS = (
					"DEBUG=1",
					"$(inherited)",
				);
				GCC_SYMBOLS_PRIVATE_EXTERN = NO;
				GCC_WARN_64_TO_32_BIT_CONVERSION = YES;
				GCC_WARN_ABOUT_RETURN_TYPE = YES_ERROR;
				GCC_WARN_UNDECLARED_SELECTOR = YES;
				GCC_WARN_UNINITIALIZED_AUTOS = YES_AGGRESSIVE;
				GCC_WARN_UNUSED_FUNCTION = YES;
				GCC_WARN_UNUSED_VARIABLE = YES;
				MACOSX_DEPLOYMENT_TARGET = 10.10;
				MTL_ENABLE_DEBUG_INFO = YES;
				ONLY_ACTIVE_ARCH = YES;
				SDKROOT = macosx;
				SWIFT_OPTIMIZATION_LEVEL = "-Onone";
			};
			name = Debug;
		};
		6E2DA37C1AC5D7FE0072E988 /* Release */ = {
			isa = XCBuildConfiguration;
			buildSettings = {
				ALWAYS_SEARCH_USER_PATHS = NO;
				CLANG_CXX_LANGUAGE_STANDARD = "gnu++0x";
				CLANG_CXX_LIBRARY = "libc++";
				CLANG_ENABLE_MODULES = YES;
				CLANG_ENABLE_OBJC_ARC = YES;
				CLANG_WARN_BOOL_CONVERSION = YES;
				CLANG_WARN_CONSTANT_CONVERSION = YES;
				CLANG_WARN_DIRECT_OBJC_ISA_USAGE = YES_ERROR;
				CLANG_WARN_EMPTY_BODY = YES;
				CLANG_WARN_ENUM_CONVERSION = YES;
				CLANG_WARN_INT_CONVERSION = YES;
				CLANG_WARN_OBJC_ROOT_CLASS = YES_ERROR;
				CLANG_WARN_UNREACHABLE_CODE = YES;
				CLANG_WARN__DUPLICATE_METHOD_MATCH = YES;
				CODE_SIGN_IDENTITY = "-";
				COPY_PHASE_STRIP = NO;
				DEBUG_INFORMATION_FORMAT = "dwarf-with-dsym";
				ENABLE_NS_ASSERTIONS = NO;
				ENABLE_STRICT_OBJC_MSGSEND = YES;
				GCC_C_LANGUAGE_STANDARD = gnu99;
				GCC_WARN_64_TO_32_BIT_CONVERSION = YES;
				GCC_WARN_ABOUT_RETURN_TYPE = YES_ERROR;
				GCC_WARN_UNDECLARED_SELECTOR = YES;
				GCC_WARN_UNINITIALIZED_AUTOS = YES_AGGRESSIVE;
				GCC_WARN_UNUSED_FUNCTION = YES;
				GCC_WARN_UNUSED_VARIABLE = YES;
				MACOSX_DEPLOYMENT_TARGET = 10.10;
				MTL_ENABLE_DEBUG_INFO = NO;
				SDKROOT = macosx;
			};
			name = Release;
		};
		6E2DA37E1AC5D7FE0072E988 /* Debug */ = {
			isa = XCBuildConfiguration;
			buildSettings = {
				ASSETCATALOG_COMPILER_APPICON_NAME = AppIcon;
				COMBINE_HIDPI_IMAGES = YES;
				INFOPLIST_FILE = "Model Editor/Info.plist";
				LD_RUNPATH_SEARCH_PATHS = "$(inherited) @executable_path/../Frameworks";
				PRODUCT_NAME = "$(TARGET_NAME)";
			};
			name = Debug;
		};
		6E2DA37F1AC5D7FE0072E988 /* Release */ = {
			isa = XCBuildConfiguration;
			buildSettings = {
				ASSETCATALOG_COMPILER_APPICON_NAME = AppIcon;
				COMBINE_HIDPI_IMAGES = YES;
				INFOPLIST_FILE = "Model Editor/Info.plist";
				LD_RUNPATH_SEARCH_PATHS = "$(inherited) @executable_path/../Frameworks";
				PRODUCT_NAME = "$(TARGET_NAME)";
			};
			name = Release;
		};
		6E2DA3811AC5D7FE0072E988 /* Debug */ = {
			isa = XCBuildConfiguration;
			buildSettings = {
				BUNDLE_LOADER = "$(TEST_HOST)";
				COMBINE_HIDPI_IMAGES = YES;
				FRAMEWORK_SEARCH_PATHS = (
					"$(DEVELOPER_FRAMEWORKS_DIR)",
					"$(inherited)",
				);
				GCC_PREPROCESSOR_DEFINITIONS = (
					"DEBUG=1",
					"$(inherited)",
				);
				INFOPLIST_FILE = "Model EditorTests/Info.plist";
				LD_RUNPATH_SEARCH_PATHS = "$(inherited) @executable_path/../Frameworks @loader_path/../Frameworks";
				PRODUCT_NAME = "$(TARGET_NAME)";
				TEST_HOST = "$(BUILT_PRODUCTS_DIR)/Model Editor.app/Contents/MacOS/Model Editor";
			};
			name = Debug;
		};
		6E2DA3821AC5D7FE0072E988 /* Release */ = {
			isa = XCBuildConfiguration;
			buildSettings = {
				BUNDLE_LOADER = "$(TEST_HOST)";
				COMBINE_HIDPI_IMAGES = YES;
				FRAMEWORK_SEARCH_PATHS = (
					"$(DEVELOPER_FRAMEWORKS_DIR)",
					"$(inherited)",
				);
				INFOPLIST_FILE = "Model EditorTests/Info.plist";
				LD_RUNPATH_SEARCH_PATHS = "$(inherited) @executable_path/../Frameworks @loader_path/../Frameworks";
				PRODUCT_NAME = "$(TARGET_NAME)";
				TEST_HOST = "$(BUILT_PRODUCTS_DIR)/Model Editor.app/Contents/MacOS/Model Editor";
			};
			name = Release;
		};
/* End XCBuildConfiguration section */

/* Begin XCConfigurationList section */
		6E2DA35A1AC5D7FD0072E988 /* Build configuration list for PBXProject "Model Editor" */ = {
			isa = XCConfigurationList;
			buildConfigurations = (
				6E2DA37B1AC5D7FE0072E988 /* Debug */,
				6E2DA37C1AC5D7FE0072E988 /* Release */,
			);
			defaultConfigurationIsVisible = 0;
			defaultConfigurationName = Release;
		};
		6E2DA37D1AC5D7FE0072E988 /* Build configuration list for PBXNativeTarget "Model Editor" */ = {
			isa = XCConfigurationList;
			buildConfigurations = (
				6E2DA37E1AC5D7FE0072E988 /* Debug */,
				6E2DA37F1AC5D7FE0072E988 /* Release */,
			);
			defaultConfigurationIsVisible = 0;
		};
		6E2DA3801AC5D7FE0072E988 /* Build configuration list for PBXNativeTarget "Model EditorTests" */ = {
			isa = XCConfigurationList;
			buildConfigurations = (
				6E2DA3811AC5D7FE0072E988 /* Debug */,
				6E2DA3821AC5D7FE0072E988 /* Release */,
			);
			defaultConfigurationIsVisible = 0;
		};
/* End XCConfigurationList section */
	};
	rootObject = 6E2DA3571AC5D7FD0072E988 /* Project object */;
}
